
Microsoft Visual Studio Solution File, Format Version 12.00
# Visual Studio Version 17
VisualStudioVersion = 17.14.36511.14 d17.14
MinimumVisualStudioVersion = 10.0.40219.1
Project("{FAE04EC0-301F-11D3-BF4B-00C04F79EFBC}") = "Boolean Logic Assignment", "Boolean Logic Assignment\Boolean Logic Assignment.csproj", "{0D49FC4A-22A0-40F9-BE74-2A6A99D016F2}"
EndProject
Global
	GlobalSection(SolutionConfigurationPlatforms) = preSolution
		Debug|Any CPU = Debug|Any CPU
		Release|Any CPU = Release|Any CPU
	EndGlobalSection
	GlobalSection(ProjectConfigurationPlatforms) = postSolution
		{0D49FC4A-22A0-40F9-BE74-2A6A99D016F2}.Debug|Any CPU.ActiveCfg = Debug|Any CPU
		{0D49FC4A-22A0-40F9-BE74-2A6A99D016F2}.Debug|Any CPU.Build.0 = Debug|Any CPU
		{0D49FC4A-22A0-40F9-BE74-2A6A99D016F2}.Release|Any CPU.ActiveCfg = Release|Any CPU
		{0D49FC4A-22A0-40F9-BE74-2A6A99D016F2}.Release|Any CPU.Build.0 = Release|Any CPU
	EndGlobalSection
	GlobalSection(SolutionProperties) = preSolution
		HideSolutionNode = FALSE
	EndGlobalSection
	GlobalSection(ExtensibilityGlobals) = postSolution
		SolutionGuid = {5FC59B6A-703C-4DC1-BE19-5F2A0EDB0618}
	EndGlobalSection
EndGlobal
