
Microsoft Visual Studio Solution File, Format Version 12.00
# Visual Studio Version 17
VisualStudioVersion = 17.14.36511.14 d17.14
MinimumVisualStudioVersion = 10.0.40219.1
Project("{FAE04EC0-301F-11D3-BF4B-00C04F79EFBC}") = "Console Application Assignment", "Console Application Assignment\Console Application Assignment.csproj", "{73BAB619-9462-428A-97BB-93212F247295}"
EndProject
Global
	GlobalSection(SolutionConfigurationPlatforms) = preSolution
		Debug|Any CPU = Debug|Any CPU
		Release|Any CPU = Release|Any CPU
	EndGlobalSection
	GlobalSection(ProjectConfigurationPlatforms) = postSolution
		{73BAB619-9462-428A-97BB-93212F247295}.Debug|Any CPU.ActiveCfg = Debug|Any CPU
		{73BAB619-9462-428A-97BB-93212F247295}.Debug|Any CPU.Build.0 = Debug|Any CPU
		{73BAB619-9462-428A-97BB-93212F247295}.Release|Any CPU.ActiveCfg = Release|Any CPU
		{73BAB619-9462-428A-97BB-93212F247295}.Release|Any CPU.Build.0 = Release|Any CPU
	EndGlobalSection
	GlobalSection(SolutionProperties) = preSolution
		HideSolutionNode = FALSE
	EndGlobalSection
	GlobalSection(ExtensibilityGlobals) = postSolution
		SolutionGuid = {1143201D-F8D0-4020-B1DD-1A2893056F4F}
	EndGlobalSection
EndGlobal
