
Microsoft Visual Studio Solution File, Format Version 12.00
# Visual Studio Version 17
VisualStudioVersion = 17.14.36511.14 d17.14
MinimumVisualStudioVersion = 10.0.40219.1
Project("{FAE04EC0-301F-11D3-BF4B-00C04F79EFBC}") = "StringAssignment", "StringAssignment\StringAssignment.csproj", "{55F81F36-861D-4B30-8605-7DDD75802533}"
EndProject
Global
	GlobalSection(SolutionConfigurationPlatforms) = preSolution
		Debug|Any CPU = Debug|Any CPU
		Release|Any CPU = Release|Any CPU
	EndGlobalSection
	GlobalSection(ProjectConfigurationPlatforms) = postSolution
		{55F81F36-861D-4B30-8605-7DDD75802533}.Debug|Any CPU.ActiveCfg = Debug|Any CPU
		{55F81F36-861D-4B30-8605-7DDD75802533}.Debug|Any CPU.Build.0 = Debug|Any CPU
		{55F81F36-861D-4B30-8605-7DDD75802533}.Release|Any CPU.ActiveCfg = Release|Any CPU
		{55F81F36-861D-4B30-8605-7DDD75802533}.Release|Any CPU.Build.0 = Release|Any CPU
	EndGlobalSection
	GlobalSection(SolutionProperties) = preSolution
		HideSolutionNode = FALSE
	EndGlobalSection
	GlobalSection(ExtensibilityGlobals) = postSolution
		SolutionGuid = {20364A9C-2544-43D8-BA2C-328A7E5B6BF7}
	EndGlobalSection
EndGlobal
