
Microsoft Visual Studio Solution File, Format Version 12.00
# Visual Studio Version 17
VisualStudioVersion = 17.14.36511.14 d17.14
MinimumVisualStudioVersion = 10.0.40219.1
Project("{FAE04EC0-301F-11D3-BF4B-00C04F79EFBC}") = "Method Assignment", "Method Assignment\Method Assignment.csproj", "{7D08654F-2572-474A-BF7E-64BAC322686D}"
EndProject
Global
	GlobalSection(SolutionConfigurationPlatforms) = preSolution
		Debug|Any CPU = Debug|Any CPU
		Release|Any CPU = Release|Any CPU
	EndGlobalSection
	GlobalSection(ProjectConfigurationPlatforms) = postSolution
		{7D08654F-2572-474A-BF7E-64BAC322686D}.Debug|Any CPU.ActiveCfg = Debug|Any CPU
		{7D08654F-2572-474A-BF7E-64BAC322686D}.Debug|Any CPU.Build.0 = Debug|Any CPU
		{7D08654F-2572-474A-BF7E-64BAC322686D}.Release|Any CPU.ActiveCfg = Release|Any CPU
		{7D08654F-2572-474A-BF7E-64BAC322686D}.Release|Any CPU.Build.0 = Release|Any CPU
	EndGlobalSection
	GlobalSection(SolutionProperties) = preSolution
		HideSolutionNode = FALSE
	EndGlobalSection
	GlobalSection(ExtensibilityGlobals) = postSolution
		SolutionGuid = {730700E4-F1F2-400C-BCD4-9AF3672B1CF8}
	EndGlobalSection
EndGlobal
